// !$*UTF8*$!
{
	archiveVersion = 1;
	classes = {
	};
	objectVersion = 51;
	objects = {

/* Begin PBXBuildFile section */
		45F166BB805D5F075EE22AA5 /* Pods_Bank_CleanSwift.framework in Frameworks */ = {isa = PBXBuildFile; fileRef = FC73AD8B58172964FFC2D6F4 /* Pods_Bank_CleanSwift.framework */; };
		5D9FE37547BD7263C7DDF760 /* Pods_Bank_CleanSwiftTests.framework in Frameworks */ = {isa = PBXBuildFile; fileRef = 3FADBF09F2D2469AA7C7990E /* Pods_Bank_CleanSwiftTests.framework */; };
		7547DAE8D3ED139AE687D7A9 /* Pods_Bank_CleanSwift_Bank_CleanSwiftUITests.framework in Frameworks */ = {isa = PBXBuildFile; fileRef = A6F5499F6445CDFD82DE6F53 /* Pods_Bank_CleanSwift_Bank_CleanSwiftUITests.framework */; };
		FF3CDD6724D4FF1700C5F8D4 /* AppDelegate.swift in Sources */ = {isa = PBXBuildFile; fileRef = FF3CDD6624D4FF1700C5F8D4 /* AppDelegate.swift */; };
		FF3CDD7024D4FF1A00C5F8D4 /* Assets.xcassets in Resources */ = {isa = PBXBuildFile; fileRef = FF3CDD6F24D4FF1A00C5F8D4 /* Assets.xcassets */; };
		FF3CDD7324D4FF1A00C5F8D4 /* LaunchScreen.storyboard in Resources */ = {isa = PBXBuildFile; fileRef = FF3CDD7124D4FF1A00C5F8D4 /* LaunchScreen.storyboard */; };
		FF3CDD8924D4FF1A00C5F8D4 /* Bank_CleanSwiftUITests.swift in Sources */ = {isa = PBXBuildFile; fileRef = FF3CDD8824D4FF1A00C5F8D4 /* Bank_CleanSwiftUITests.swift */; };
		FF3CDD9F24D5104000C5F8D4 /* LoginPresenter.swift in Sources */ = {isa = PBXBuildFile; fileRef = FF3CDD9924D5104000C5F8D4 /* LoginPresenter.swift */; };
		FF3CDDA024D5104000C5F8D4 /* LoginWorker.swift in Sources */ = {isa = PBXBuildFile; fileRef = FF3CDD9A24D5104000C5F8D4 /* LoginWorker.swift */; };
		FF3CDDA124D5104000C5F8D4 /* LoginRouter.swift in Sources */ = {isa = PBXBuildFile; fileRef = FF3CDD9B24D5104000C5F8D4 /* LoginRouter.swift */; };
		FF3CDDA224D5104000C5F8D4 /* LoginModels.swift in Sources */ = {isa = PBXBuildFile; fileRef = FF3CDD9C24D5104000C5F8D4 /* LoginModels.swift */; };
		FF3CDDA324D5104000C5F8D4 /* LoginViewController.swift in Sources */ = {isa = PBXBuildFile; fileRef = FF3CDD9D24D5104000C5F8D4 /* LoginViewController.swift */; };
		FF3CDDA424D5104000C5F8D4 /* LoginInteractor.swift in Sources */ = {isa = PBXBuildFile; fileRef = FF3CDD9E24D5104000C5F8D4 /* LoginInteractor.swift */; };
		FF3CDDA624D5108C00C5F8D4 /* LoginViewController.xib in Resources */ = {isa = PBXBuildFile; fileRef = FF3CDDA524D5108C00C5F8D4 /* LoginViewController.xib */; };
		FFAA494324D5BD7F006B7278 /* Localizable.strings in Resources */ = {isa = PBXBuildFile; fileRef = FFAA494524D5BD7F006B7278 /* Localizable.strings */; };
		FFAA494924D5BE1D006B7278 /* String+Localizable.swift in Sources */ = {isa = PBXBuildFile; fileRef = FFAA494824D5BE1D006B7278 /* String+Localizable.swift */; };
		FFAA494C24D5D033006B7278 /* LoginViewControllerSpec.swift in Sources */ = {isa = PBXBuildFile; fileRef = FFAA494B24D5D033006B7278 /* LoginViewControllerSpec.swift */; };
		FFAA494F24D5DC2B006B7278 /* UserAccount.swift in Sources */ = {isa = PBXBuildFile; fileRef = FFAA494E24D5DC2B006B7278 /* UserAccount.swift */; };
		FFAA495224D5DD05006B7278 /* ApiProvider.swift in Sources */ = {isa = PBXBuildFile; fileRef = FFAA495124D5DD05006B7278 /* ApiProvider.swift */; };
		FFAA495824D5FE6A006B7278 /* UserMapper.swift in Sources */ = {isa = PBXBuildFile; fileRef = FFAA495724D5FE6A006B7278 /* UserMapper.swift */; };
		FFAA495A24D5FEBA006B7278 /* BankError.swift in Sources */ = {isa = PBXBuildFile; fileRef = FFAA495924D5FEBA006B7278 /* BankError.swift */; };
		FFAA495C24D6050B006B7278 /* LoginError.swift in Sources */ = {isa = PBXBuildFile; fileRef = FFAA495B24D6050B006B7278 /* LoginError.swift */; };
		FFAA495F24D60AE6006B7278 /* BaseViewController.swift in Sources */ = {isa = PBXBuildFile; fileRef = FFAA495E24D60AE6006B7278 /* BaseViewController.swift */; };
		FFAA496124D615E5006B7278 /* BankHttpProvider.swift in Sources */ = {isa = PBXBuildFile; fileRef = FFAA496024D615E5006B7278 /* BankHttpProvider.swift */; };
		FFAA496324D63C3C006B7278 /* SpinnerViewController.swift in Sources */ = {isa = PBXBuildFile; fileRef = FFAA496224D63C3C006B7278 /* SpinnerViewController.swift */; };
		FFAA496624D63ED6006B7278 /* SpinnerViewControllerSpec.swift in Sources */ = {isa = PBXBuildFile; fileRef = FFAA496524D63ED6006B7278 /* SpinnerViewControllerSpec.swift */; };
		FFAA496824D64189006B7278 /* BaseViewControllerSpec.swift in Sources */ = {isa = PBXBuildFile; fileRef = FFAA496724D64189006B7278 /* BaseViewControllerSpec.swift */; };
		FFAA496B24D64313006B7278 /* UserMapperSpec.swift in Sources */ = {isa = PBXBuildFile; fileRef = FFAA496A24D64313006B7278 /* UserMapperSpec.swift */; };
		FFAA496E24D645FF006B7278 /* URLProtocolStub.swift in Sources */ = {isa = PBXBuildFile; fileRef = FFAA496D24D645FF006B7278 /* URLProtocolStub.swift */; };
		FFAA497124D6468C006B7278 /* BankHttpProviderSpec.swift in Sources */ = {isa = PBXBuildFile; fileRef = FFAA497024D6468C006B7278 /* BankHttpProviderSpec.swift */; };
		FFAA497324D66667006B7278 /* UserProvider.swift in Sources */ = {isa = PBXBuildFile; fileRef = FFAA497224D66667006B7278 /* UserProvider.swift */; };
		FFAA497524D667EC006B7278 /* UserProviderImplSpec.swift in Sources */ = {isa = PBXBuildFile; fileRef = FFAA497424D667EC006B7278 /* UserProviderImplSpec.swift */; };
		FFCFDC7D24D6F5260053A903 /* LoginWorkerSpec.swift in Sources */ = {isa = PBXBuildFile; fileRef = FFCFDC7C24D6F5260053A903 /* LoginWorkerSpec.swift */; };
		FFCFDC7F24D6F6CD0053A903 /* QuickSpec+Stubs.swift in Sources */ = {isa = PBXBuildFile; fileRef = FFCFDC7E24D6F6CD0053A903 /* QuickSpec+Stubs.swift */; };
		FFCFDC8124D6F95E0053A903 /* LoginInteractorSpec.swift in Sources */ = {isa = PBXBuildFile; fileRef = FFCFDC8024D6F95E0053A903 /* LoginInteractorSpec.swift */; };
		FFCFDC8324D70BED0053A903 /* LoginPresenterSpec.swift in Sources */ = {isa = PBXBuildFile; fileRef = FFCFDC8224D70BED0053A903 /* LoginPresenterSpec.swift */; };
/* End PBXBuildFile section */

/* Begin PBXContainerItemProxy section */
		FF3CDD7A24D4FF1A00C5F8D4 /* PBXContainerItemProxy */ = {
			isa = PBXContainerItemProxy;
			containerPortal = FF3CDD5B24D4FF1700C5F8D4 /* Project object */;
			proxyType = 1;
			remoteGlobalIDString = FF3CDD6224D4FF1700C5F8D4;
			remoteInfo = "Bank-CleanSwift";
		};
		FF3CDD8524D4FF1A00C5F8D4 /* PBXContainerItemProxy */ = {
			isa = PBXContainerItemProxy;
			containerPortal = FF3CDD5B24D4FF1700C5F8D4 /* Project object */;
			proxyType = 1;
			remoteGlobalIDString = FF3CDD6224D4FF1700C5F8D4;
			remoteInfo = "Bank-CleanSwift";
		};
/* End PBXContainerItemProxy section */

/* Begin PBXFileReference section */
		3FADBF09F2D2469AA7C7990E /* Pods_Bank_CleanSwiftTests.framework */ = {isa = PBXFileReference; explicitFileType = wrapper.framework; includeInIndex = 0; path = Pods_Bank_CleanSwiftTests.framework; sourceTree = BUILT_PRODUCTS_DIR; };
		5FFB90D69EC82EE29F3F5AFE /* Pods-Bank-CleanSwift-Bank-CleanSwiftUITests.debug.xcconfig */ = {isa = PBXFileReference; includeInIndex = 1; lastKnownFileType = text.xcconfig; name = "Pods-Bank-CleanSwift-Bank-CleanSwiftUITests.debug.xcconfig"; path = "Target Support Files/Pods-Bank-CleanSwift-Bank-CleanSwiftUITests/Pods-Bank-CleanSwift-Bank-CleanSwiftUITests.debug.xcconfig"; sourceTree = "<group>"; };
		74E7331D64B4B5507D0C9042 /* Pods-Bank-CleanSwift.debug.xcconfig */ = {isa = PBXFileReference; includeInIndex = 1; lastKnownFileType = text.xcconfig; name = "Pods-Bank-CleanSwift.debug.xcconfig"; path = "Target Support Files/Pods-Bank-CleanSwift/Pods-Bank-CleanSwift.debug.xcconfig"; sourceTree = "<group>"; };
		864B7BF7E518654594B97105 /* Pods-Bank-CleanSwiftTests.debug.xcconfig */ = {isa = PBXFileReference; includeInIndex = 1; lastKnownFileType = text.xcconfig; name = "Pods-Bank-CleanSwiftTests.debug.xcconfig"; path = "Target Support Files/Pods-Bank-CleanSwiftTests/Pods-Bank-CleanSwiftTests.debug.xcconfig"; sourceTree = "<group>"; };
		8E1DF68CFB271E6D09CFDC33 /* Pods-Bank-CleanSwift-Bank-CleanSwiftUITests.release.xcconfig */ = {isa = PBXFileReference; includeInIndex = 1; lastKnownFileType = text.xcconfig; name = "Pods-Bank-CleanSwift-Bank-CleanSwiftUITests.release.xcconfig"; path = "Target Support Files/Pods-Bank-CleanSwift-Bank-CleanSwiftUITests/Pods-Bank-CleanSwift-Bank-CleanSwiftUITests.release.xcconfig"; sourceTree = "<group>"; };
		A6F5499F6445CDFD82DE6F53 /* Pods_Bank_CleanSwift_Bank_CleanSwiftUITests.framework */ = {isa = PBXFileReference; explicitFileType = wrapper.framework; includeInIndex = 0; path = Pods_Bank_CleanSwift_Bank_CleanSwiftUITests.framework; sourceTree = BUILT_PRODUCTS_DIR; };
		EB51DEC2760D7B9A91C18A70 /* Pods-Bank-CleanSwiftTests.release.xcconfig */ = {isa = PBXFileReference; includeInIndex = 1; lastKnownFileType = text.xcconfig; name = "Pods-Bank-CleanSwiftTests.release.xcconfig"; path = "Target Support Files/Pods-Bank-CleanSwiftTests/Pods-Bank-CleanSwiftTests.release.xcconfig"; sourceTree = "<group>"; };
		FC73AD8B58172964FFC2D6F4 /* Pods_Bank_CleanSwift.framework */ = {isa = PBXFileReference; explicitFileType = wrapper.framework; includeInIndex = 0; path = Pods_Bank_CleanSwift.framework; sourceTree = BUILT_PRODUCTS_DIR; };
		FCE06F0A8BD3ABFF5A899B19 /* Pods-Bank-CleanSwift.release.xcconfig */ = {isa = PBXFileReference; includeInIndex = 1; lastKnownFileType = text.xcconfig; name = "Pods-Bank-CleanSwift.release.xcconfig"; path = "Target Support Files/Pods-Bank-CleanSwift/Pods-Bank-CleanSwift.release.xcconfig"; sourceTree = "<group>"; };
		FF3CDD6324D4FF1700C5F8D4 /* Bank-CleanSwift.app */ = {isa = PBXFileReference; explicitFileType = wrapper.application; includeInIndex = 0; path = "Bank-CleanSwift.app"; sourceTree = BUILT_PRODUCTS_DIR; };
		FF3CDD6624D4FF1700C5F8D4 /* AppDelegate.swift */ = {isa = PBXFileReference; lastKnownFileType = sourcecode.swift; path = AppDelegate.swift; sourceTree = "<group>"; };
		FF3CDD6F24D4FF1A00C5F8D4 /* Assets.xcassets */ = {isa = PBXFileReference; lastKnownFileType = folder.assetcatalog; path = Assets.xcassets; sourceTree = "<group>"; };
		FF3CDD7224D4FF1A00C5F8D4 /* Base */ = {isa = PBXFileReference; lastKnownFileType = file.storyboard; name = Base; path = Base.lproj/LaunchScreen.storyboard; sourceTree = "<group>"; };
		FF3CDD7424D4FF1A00C5F8D4 /* Info.plist */ = {isa = PBXFileReference; lastKnownFileType = text.plist.xml; path = Info.plist; sourceTree = "<group>"; };
		FF3CDD7924D4FF1A00C5F8D4 /* Bank-CleanSwiftTests.xctest */ = {isa = PBXFileReference; explicitFileType = wrapper.cfbundle; includeInIndex = 0; path = "Bank-CleanSwiftTests.xctest"; sourceTree = BUILT_PRODUCTS_DIR; };
		FF3CDD7F24D4FF1A00C5F8D4 /* Info.plist */ = {isa = PBXFileReference; lastKnownFileType = text.plist.xml; path = Info.plist; sourceTree = "<group>"; };
		FF3CDD8424D4FF1A00C5F8D4 /* Bank-CleanSwiftUITests.xctest */ = {isa = PBXFileReference; explicitFileType = wrapper.cfbundle; includeInIndex = 0; path = "Bank-CleanSwiftUITests.xctest"; sourceTree = BUILT_PRODUCTS_DIR; };
		FF3CDD8824D4FF1A00C5F8D4 /* Bank_CleanSwiftUITests.swift */ = {isa = PBXFileReference; lastKnownFileType = sourcecode.swift; path = Bank_CleanSwiftUITests.swift; sourceTree = "<group>"; };
		FF3CDD8A24D4FF1A00C5F8D4 /* Info.plist */ = {isa = PBXFileReference; lastKnownFileType = text.plist.xml; path = Info.plist; sourceTree = "<group>"; };
		FF3CDD9924D5104000C5F8D4 /* LoginPresenter.swift */ = {isa = PBXFileReference; lastKnownFileType = sourcecode.swift; path = LoginPresenter.swift; sourceTree = "<group>"; };
		FF3CDD9A24D5104000C5F8D4 /* LoginWorker.swift */ = {isa = PBXFileReference; lastKnownFileType = sourcecode.swift; path = LoginWorker.swift; sourceTree = "<group>"; };
		FF3CDD9B24D5104000C5F8D4 /* LoginRouter.swift */ = {isa = PBXFileReference; lastKnownFileType = sourcecode.swift; path = LoginRouter.swift; sourceTree = "<group>"; };
		FF3CDD9C24D5104000C5F8D4 /* LoginModels.swift */ = {isa = PBXFileReference; lastKnownFileType = sourcecode.swift; path = LoginModels.swift; sourceTree = "<group>"; };
		FF3CDD9D24D5104000C5F8D4 /* LoginViewController.swift */ = {isa = PBXFileReference; lastKnownFileType = sourcecode.swift; path = LoginViewController.swift; sourceTree = "<group>"; };
		FF3CDD9E24D5104000C5F8D4 /* LoginInteractor.swift */ = {isa = PBXFileReference; lastKnownFileType = sourcecode.swift; path = LoginInteractor.swift; sourceTree = "<group>"; };
		FF3CDDA524D5108C00C5F8D4 /* LoginViewController.xib */ = {isa = PBXFileReference; lastKnownFileType = file.xib; path = LoginViewController.xib; sourceTree = "<group>"; };
		FFAA494424D5BD7F006B7278 /* en */ = {isa = PBXFileReference; lastKnownFileType = text.plist.strings; name = en; path = en.lproj/Localizable.strings; sourceTree = "<group>"; };
		FFAA494624D5BD8C006B7278 /* pt-BR */ = {isa = PBXFileReference; lastKnownFileType = text.plist.strings; name = "pt-BR"; path = "pt-BR.lproj/Localizable.strings"; sourceTree = "<group>"; };
		FFAA494824D5BE1D006B7278 /* String+Localizable.swift */ = {isa = PBXFileReference; lastKnownFileType = sourcecode.swift; path = "String+Localizable.swift"; sourceTree = "<group>"; };
		FFAA494B24D5D033006B7278 /* LoginViewControllerSpec.swift */ = {isa = PBXFileReference; lastKnownFileType = sourcecode.swift; path = LoginViewControllerSpec.swift; sourceTree = "<group>"; };
		FFAA494E24D5DC2B006B7278 /* UserAccount.swift */ = {isa = PBXFileReference; lastKnownFileType = sourcecode.swift; path = UserAccount.swift; sourceTree = "<group>"; };
		FFAA495124D5DD05006B7278 /* ApiProvider.swift */ = {isa = PBXFileReference; lastKnownFileType = sourcecode.swift; path = ApiProvider.swift; sourceTree = "<group>"; };
		FFAA495724D5FE6A006B7278 /* UserMapper.swift */ = {isa = PBXFileReference; lastKnownFileType = sourcecode.swift; path = UserMapper.swift; sourceTree = "<group>"; };
		FFAA495924D5FEBA006B7278 /* BankError.swift */ = {isa = PBXFileReference; lastKnownFileType = sourcecode.swift; path = BankError.swift; sourceTree = "<group>"; };
		FFAA495B24D6050B006B7278 /* LoginError.swift */ = {isa = PBXFileReference; lastKnownFileType = sourcecode.swift; path = LoginError.swift; sourceTree = "<group>"; };
		FFAA495E24D60AE6006B7278 /* BaseViewController.swift */ = {isa = PBXFileReference; lastKnownFileType = sourcecode.swift; path = BaseViewController.swift; sourceTree = "<group>"; };
		FFAA496024D615E5006B7278 /* BankHttpProvider.swift */ = {isa = PBXFileReference; lastKnownFileType = sourcecode.swift; path = BankHttpProvider.swift; sourceTree = "<group>"; };
		FFAA496224D63C3C006B7278 /* SpinnerViewController.swift */ = {isa = PBXFileReference; lastKnownFileType = sourcecode.swift; path = SpinnerViewController.swift; sourceTree = "<group>"; };
		FFAA496524D63ED6006B7278 /* SpinnerViewControllerSpec.swift */ = {isa = PBXFileReference; lastKnownFileType = sourcecode.swift; path = SpinnerViewControllerSpec.swift; sourceTree = "<group>"; };
		FFAA496724D64189006B7278 /* BaseViewControllerSpec.swift */ = {isa = PBXFileReference; lastKnownFileType = sourcecode.swift; path = BaseViewControllerSpec.swift; sourceTree = "<group>"; };
		FFAA496A24D64313006B7278 /* UserMapperSpec.swift */ = {isa = PBXFileReference; lastKnownFileType = sourcecode.swift; path = UserMapperSpec.swift; sourceTree = "<group>"; };
		FFAA496D24D645FF006B7278 /* URLProtocolStub.swift */ = {isa = PBXFileReference; lastKnownFileType = sourcecode.swift; path = URLProtocolStub.swift; sourceTree = "<group>"; };
		FFAA497024D6468C006B7278 /* BankHttpProviderSpec.swift */ = {isa = PBXFileReference; lastKnownFileType = sourcecode.swift; path = BankHttpProviderSpec.swift; sourceTree = "<group>"; };
		FFAA497224D66667006B7278 /* UserProvider.swift */ = {isa = PBXFileReference; lastKnownFileType = sourcecode.swift; path = UserProvider.swift; sourceTree = "<group>"; };
		FFAA497424D667EC006B7278 /* UserProviderImplSpec.swift */ = {isa = PBXFileReference; lastKnownFileType = sourcecode.swift; path = UserProviderImplSpec.swift; sourceTree = "<group>"; };
		FFCFDC7C24D6F5260053A903 /* LoginWorkerSpec.swift */ = {isa = PBXFileReference; lastKnownFileType = sourcecode.swift; path = LoginWorkerSpec.swift; sourceTree = "<group>"; };
		FFCFDC7E24D6F6CD0053A903 /* QuickSpec+Stubs.swift */ = {isa = PBXFileReference; lastKnownFileType = sourcecode.swift; path = "QuickSpec+Stubs.swift"; sourceTree = "<group>"; };
		FFCFDC8024D6F95E0053A903 /* LoginInteractorSpec.swift */ = {isa = PBXFileReference; lastKnownFileType = sourcecode.swift; path = LoginInteractorSpec.swift; sourceTree = "<group>"; };
		FFCFDC8224D70BED0053A903 /* LoginPresenterSpec.swift */ = {isa = PBXFileReference; lastKnownFileType = sourcecode.swift; path = LoginPresenterSpec.swift; sourceTree = "<group>"; };
/* End PBXFileReference section */

/* Begin PBXFrameworksBuildPhase section */
		FF3CDD6024D4FF1700C5F8D4 /* Frameworks */ = {
			isa = PBXFrameworksBuildPhase;
			buildActionMask = 2147483647;
			files = (
				45F166BB805D5F075EE22AA5 /* Pods_Bank_CleanSwift.framework in Frameworks */,
			);
			runOnlyForDeploymentPostprocessing = 0;
		};
		FF3CDD7624D4FF1A00C5F8D4 /* Frameworks */ = {
			isa = PBXFrameworksBuildPhase;
			buildActionMask = 2147483647;
			files = (
				5D9FE37547BD7263C7DDF760 /* Pods_Bank_CleanSwiftTests.framework in Frameworks */,
			);
			runOnlyForDeploymentPostprocessing = 0;
		};
		FF3CDD8124D4FF1A00C5F8D4 /* Frameworks */ = {
			isa = PBXFrameworksBuildPhase;
			buildActionMask = 2147483647;
			files = (
				7547DAE8D3ED139AE687D7A9 /* Pods_Bank_CleanSwift_Bank_CleanSwiftUITests.framework in Frameworks */,
			);
			runOnlyForDeploymentPostprocessing = 0;
		};
/* End PBXFrameworksBuildPhase section */

/* Begin PBXGroup section */
		A3AAA30DB49C3A204C18278B /* Pods */ = {
			isa = PBXGroup;
			children = (
				74E7331D64B4B5507D0C9042 /* Pods-Bank-CleanSwift.debug.xcconfig */,
				FCE06F0A8BD3ABFF5A899B19 /* Pods-Bank-CleanSwift.release.xcconfig */,
				5FFB90D69EC82EE29F3F5AFE /* Pods-Bank-CleanSwift-Bank-CleanSwiftUITests.debug.xcconfig */,
				8E1DF68CFB271E6D09CFDC33 /* Pods-Bank-CleanSwift-Bank-CleanSwiftUITests.release.xcconfig */,
				864B7BF7E518654594B97105 /* Pods-Bank-CleanSwiftTests.debug.xcconfig */,
				EB51DEC2760D7B9A91C18A70 /* Pods-Bank-CleanSwiftTests.release.xcconfig */,
			);
			path = Pods;
			sourceTree = "<group>";
		};
		D73172121EA61069A020DD0D /* Frameworks */ = {
			isa = PBXGroup;
			children = (
				FC73AD8B58172964FFC2D6F4 /* Pods_Bank_CleanSwift.framework */,
				A6F5499F6445CDFD82DE6F53 /* Pods_Bank_CleanSwift_Bank_CleanSwiftUITests.framework */,
				3FADBF09F2D2469AA7C7990E /* Pods_Bank_CleanSwiftTests.framework */,
			);
			name = Frameworks;
			sourceTree = "<group>";
		};
		FF3CDD5A24D4FF1700C5F8D4 = {
			isa = PBXGroup;
			children = (
				FF3CDD6524D4FF1700C5F8D4 /* Bank-CleanSwift */,
				FF3CDD7C24D4FF1A00C5F8D4 /* Bank-CleanSwiftTests */,
				FF3CDD8724D4FF1A00C5F8D4 /* Bank-CleanSwiftUITests */,
				FF3CDD6424D4FF1700C5F8D4 /* Products */,
				A3AAA30DB49C3A204C18278B /* Pods */,
				D73172121EA61069A020DD0D /* Frameworks */,
			);
			sourceTree = "<group>";
		};
		FF3CDD6424D4FF1700C5F8D4 /* Products */ = {
			isa = PBXGroup;
			children = (
				FF3CDD6324D4FF1700C5F8D4 /* Bank-CleanSwift.app */,
				FF3CDD7924D4FF1A00C5F8D4 /* Bank-CleanSwiftTests.xctest */,
				FF3CDD8424D4FF1A00C5F8D4 /* Bank-CleanSwiftUITests.xctest */,
			);
			name = Products;
			sourceTree = "<group>";
		};
		FF3CDD6524D4FF1700C5F8D4 /* Bank-CleanSwift */ = {
			isa = PBXGroup;
			children = (
				FF3CDD9724D501A900C5F8D4 /* Sources */,
				FF3CDD9624D5010000C5F8D4 /* Support Files */,
			);
			path = "Bank-CleanSwift";
			sourceTree = "<group>";
		};
		FF3CDD7C24D4FF1A00C5F8D4 /* Bank-CleanSwiftTests */ = {
			isa = PBXGroup;
			children = (
				FFAA496C24D645E1006B7278 /* Stub */,
				FFAA496424D63EB5006B7278 /* Component */,
				FFAA496924D64305006B7278 /* Mapper */,
				FFAA496F24D6463D006B7278 /* Provider */,
				FFAA494A24D5D01B006B7278 /* Login */,
				FF3CDD7F24D4FF1A00C5F8D4 /* Info.plist */,
			);
			path = "Bank-CleanSwiftTests";
			sourceTree = "<group>";
		};
		FF3CDD8724D4FF1A00C5F8D4 /* Bank-CleanSwiftUITests */ = {
			isa = PBXGroup;
			children = (
				FF3CDD8824D4FF1A00C5F8D4 /* Bank_CleanSwiftUITests.swift */,
				FF3CDD8A24D4FF1A00C5F8D4 /* Info.plist */,
			);
			path = "Bank-CleanSwiftUITests";
			sourceTree = "<group>";
		};
		FF3CDD9624D5010000C5F8D4 /* Support Files */ = {
			isa = PBXGroup;
			children = (
				FF3CDD6624D4FF1700C5F8D4 /* AppDelegate.swift */,
				FF3CDD6F24D4FF1A00C5F8D4 /* Assets.xcassets */,
				FF3CDD7124D4FF1A00C5F8D4 /* LaunchScreen.storyboard */,
				FF3CDD7424D4FF1A00C5F8D4 /* Info.plist */,
				FFAA494524D5BD7F006B7278 /* Localizable.strings */,
			);
			path = "Support Files";
			sourceTree = "<group>";
		};
		FF3CDD9724D501A900C5F8D4 /* Sources */ = {
			isa = PBXGroup;
			children = (
				FFAA495D24D60AD4006B7278 /* Component */,
				FFAA495624D5FE1E006B7278 /* Mapper */,
				FFAA495024D5DCF3006B7278 /* Provider */,
				FFAA494D24D5DC06006B7278 /* Model */,
				FFAA494724D5BE07006B7278 /* Extensions */,
				FF3CDD9824D501B300C5F8D4 /* Login */,
			);
			path = Sources;
			sourceTree = "<group>";
		};
		FF3CDD9824D501B300C5F8D4 /* Login */ = {
			isa = PBXGroup;
			children = (
				FF3CDD9924D5104000C5F8D4 /* LoginPresenter.swift */,
				FF3CDD9A24D5104000C5F8D4 /* LoginWorker.swift */,
				FF3CDD9B24D5104000C5F8D4 /* LoginRouter.swift */,
				FF3CDD9C24D5104000C5F8D4 /* LoginModels.swift */,
				FF3CDD9E24D5104000C5F8D4 /* LoginInteractor.swift */,
				FF3CDD9D24D5104000C5F8D4 /* LoginViewController.swift */,
				FF3CDDA524D5108C00C5F8D4 /* LoginViewController.xib */,
				FFAA495B24D6050B006B7278 /* LoginError.swift */,
			);
			path = Login;
			sourceTree = "<group>";
		};
		FFAA494724D5BE07006B7278 /* Extensions */ = {
			isa = PBXGroup;
			children = (
				FFAA494824D5BE1D006B7278 /* String+Localizable.swift */,
			);
			path = Extensions;
			sourceTree = "<group>";
		};
		FFAA494A24D5D01B006B7278 /* Login */ = {
			isa = PBXGroup;
			children = (
				FFAA494B24D5D033006B7278 /* LoginViewControllerSpec.swift */,
				FFCFDC7C24D6F5260053A903 /* LoginWorkerSpec.swift */,
				FFCFDC8024D6F95E0053A903 /* LoginInteractorSpec.swift */,
				FFCFDC8224D70BED0053A903 /* LoginPresenterSpec.swift */,
			);
			path = Login;
			sourceTree = "<group>";
		};
		FFAA494D24D5DC06006B7278 /* Model */ = {
			isa = PBXGroup;
			children = (
				FFAA494E24D5DC2B006B7278 /* UserAccount.swift */,
				FFAA495924D5FEBA006B7278 /* BankError.swift */,
			);
			path = Model;
			sourceTree = "<group>";
		};
		FFAA495024D5DCF3006B7278 /* Provider */ = {
			isa = PBXGroup;
			children = (
				FFAA495124D5DD05006B7278 /* ApiProvider.swift */,
				FFAA496024D615E5006B7278 /* BankHttpProvider.swift */,
				FFAA497224D66667006B7278 /* UserProvider.swift */,
			);
			path = Provider;
			sourceTree = "<group>";
		};
		FFAA495624D5FE1E006B7278 /* Mapper */ = {
			isa = PBXGroup;
			children = (
				FFAA495724D5FE6A006B7278 /* UserMapper.swift */,
			);
			path = Mapper;
			sourceTree = "<group>";
		};
		FFAA495D24D60AD4006B7278 /* Component */ = {
			isa = PBXGroup;
			children = (
				FFAA495E24D60AE6006B7278 /* BaseViewController.swift */,
				FFAA496224D63C3C006B7278 /* SpinnerViewController.swift */,
			);
			path = Component;
			sourceTree = "<group>";
		};
		FFAA496424D63EB5006B7278 /* Component */ = {
			isa = PBXGroup;
			children = (
				FFAA496524D63ED6006B7278 /* SpinnerViewControllerSpec.swift */,
				FFAA496724D64189006B7278 /* BaseViewControllerSpec.swift */,
			);
			path = Component;
			sourceTree = "<group>";
		};
		FFAA496924D64305006B7278 /* Mapper */ = {
			isa = PBXGroup;
			children = (
				FFAA496A24D64313006B7278 /* UserMapperSpec.swift */,
			);
			path = Mapper;
			sourceTree = "<group>";
		};
		FFAA496C24D645E1006B7278 /* Stub */ = {
			isa = PBXGroup;
			children = (
				FFAA496D24D645FF006B7278 /* URLProtocolStub.swift */,
				FFCFDC7E24D6F6CD0053A903 /* QuickSpec+Stubs.swift */,
			);
			path = Stub;
			sourceTree = "<group>";
		};
		FFAA496F24D6463D006B7278 /* Provider */ = {
			isa = PBXGroup;
			children = (
				FFAA497024D6468C006B7278 /* BankHttpProviderSpec.swift */,
				FFAA497424D667EC006B7278 /* UserProviderImplSpec.swift */,
			);
			path = Provider;
			sourceTree = "<group>";
		};
/* End PBXGroup section */

/* Begin PBXNativeTarget section */
		FF3CDD6224D4FF1700C5F8D4 /* Bank-CleanSwift */ = {
			isa = PBXNativeTarget;
			buildConfigurationList = FF3CDD8D24D4FF1A00C5F8D4 /* Build configuration list for PBXNativeTarget "Bank-CleanSwift" */;
			buildPhases = (
				4595F0FF7CFBBDD9CCA9419C /* [CP] Check Pods Manifest.lock */,
				FF3CDD5F24D4FF1700C5F8D4 /* Sources */,
				FF3CDD6024D4FF1700C5F8D4 /* Frameworks */,
				FF3CDD6124D4FF1700C5F8D4 /* Resources */,
				7814A3CE020B7E9B90B86F13 /* [CP] Embed Pods Frameworks */,
			);
			buildRules = (
			);
			dependencies = (
			);
			name = "Bank-CleanSwift";
			productName = "Bank-CleanSwift";
			productReference = FF3CDD6324D4FF1700C5F8D4 /* Bank-CleanSwift.app */;
			productType = "com.apple.product-type.application";
		};
		FF3CDD7824D4FF1A00C5F8D4 /* Bank-CleanSwiftTests */ = {
			isa = PBXNativeTarget;
			buildConfigurationList = FF3CDD9024D4FF1A00C5F8D4 /* Build configuration list for PBXNativeTarget "Bank-CleanSwiftTests" */;
			buildPhases = (
				4050E41FDBD90C76D696BF7C /* [CP] Check Pods Manifest.lock */,
				FF3CDD7524D4FF1A00C5F8D4 /* Sources */,
				FF3CDD7624D4FF1A00C5F8D4 /* Frameworks */,
				FF3CDD7724D4FF1A00C5F8D4 /* Resources */,
				D78A42134BD25EE2AB57D477 /* [CP] Embed Pods Frameworks */,
			);
			buildRules = (
			);
			dependencies = (
				FF3CDD7B24D4FF1A00C5F8D4 /* PBXTargetDependency */,
			);
			name = "Bank-CleanSwiftTests";
			productName = "Bank-CleanSwiftTests";
			productReference = FF3CDD7924D4FF1A00C5F8D4 /* Bank-CleanSwiftTests.xctest */;
			productType = "com.apple.product-type.bundle.unit-test";
		};
		FF3CDD8324D4FF1A00C5F8D4 /* Bank-CleanSwiftUITests */ = {
			isa = PBXNativeTarget;
			buildConfigurationList = FF3CDD9324D4FF1A00C5F8D4 /* Build configuration list for PBXNativeTarget "Bank-CleanSwiftUITests" */;
			buildPhases = (
				B6BAB75A293D5B1810120A65 /* [CP] Check Pods Manifest.lock */,
				FF3CDD8024D4FF1A00C5F8D4 /* Sources */,
				FF3CDD8124D4FF1A00C5F8D4 /* Frameworks */,
				FF3CDD8224D4FF1A00C5F8D4 /* Resources */,
				6E7EA8912F205AF90800C458 /* [CP] Embed Pods Frameworks */,
			);
			buildRules = (
			);
			dependencies = (
				FF3CDD8624D4FF1A00C5F8D4 /* PBXTargetDependency */,
			);
			name = "Bank-CleanSwiftUITests";
			productName = "Bank-CleanSwiftUITests";
			productReference = FF3CDD8424D4FF1A00C5F8D4 /* Bank-CleanSwiftUITests.xctest */;
			productType = "com.apple.product-type.bundle.ui-testing";
		};
/* End PBXNativeTarget section */

/* Begin PBXProject section */
		FF3CDD5B24D4FF1700C5F8D4 /* Project object */ = {
			isa = PBXProject;
			attributes = {
				LastSwiftUpdateCheck = 1160;
				LastUpgradeCheck = 1160;
				ORGANIZATIONNAME = "Scott Takahashi";
				TargetAttributes = {
					FF3CDD6224D4FF1700C5F8D4 = {
						CreatedOnToolsVersion = 11.6;
					};
					FF3CDD7824D4FF1A00C5F8D4 = {
						CreatedOnToolsVersion = 11.6;
						TestTargetID = FF3CDD6224D4FF1700C5F8D4;
					};
					FF3CDD8324D4FF1A00C5F8D4 = {
						CreatedOnToolsVersion = 11.6;
						TestTargetID = FF3CDD6224D4FF1700C5F8D4;
					};
				};
			};
			buildConfigurationList = FF3CDD5E24D4FF1700C5F8D4 /* Build configuration list for PBXProject "Bank-CleanSwift" */;
			compatibilityVersion = "Xcode 9.3";
			developmentRegion = en;
			hasScannedForEncodings = 0;
			knownRegions = (
				en,
				Base,
				"pt-BR",
			);
			mainGroup = FF3CDD5A24D4FF1700C5F8D4;
			productRefGroup = FF3CDD6424D4FF1700C5F8D4 /* Products */;
			projectDirPath = "";
			projectRoot = "";
			targets = (
				FF3CDD6224D4FF1700C5F8D4 /* Bank-CleanSwift */,
				FF3CDD7824D4FF1A00C5F8D4 /* Bank-CleanSwiftTests */,
				FF3CDD8324D4FF1A00C5F8D4 /* Bank-CleanSwiftUITests */,
			);
		};
/* End PBXProject section */

/* Begin PBXResourcesBuildPhase section */
		FF3CDD6124D4FF1700C5F8D4 /* Resources */ = {
			isa = PBXResourcesBuildPhase;
			buildActionMask = 2147483647;
			files = (
				FF3CDDA624D5108C00C5F8D4 /* LoginViewController.xib in Resources */,
				FFAA494324D5BD7F006B7278 /* Localizable.strings in Resources */,
				FF3CDD7324D4FF1A00C5F8D4 /* LaunchScreen.storyboard in Resources */,
				FF3CDD7024D4FF1A00C5F8D4 /* Assets.xcassets in Resources */,
			);
			runOnlyForDeploymentPostprocessing = 0;
		};
		FF3CDD7724D4FF1A00C5F8D4 /* Resources */ = {
			isa = PBXResourcesBuildPhase;
			buildActionMask = 2147483647;
			files = (
			);
			runOnlyForDeploymentPostprocessing = 0;
		};
		FF3CDD8224D4FF1A00C5F8D4 /* Resources */ = {
			isa = PBXResourcesBuildPhase;
			buildActionMask = 2147483647;
			files = (
			);
			runOnlyForDeploymentPostprocessing = 0;
		};
/* End PBXResourcesBuildPhase section */

/* Begin PBXShellScriptBuildPhase section */
		4050E41FDBD90C76D696BF7C /* [CP] Check Pods Manifest.lock */ = {
			isa = PBXShellScriptBuildPhase;
			buildActionMask = 2147483647;
			files = (
			);
			inputFileListPaths = (
			);
			inputPaths = (
				"${PODS_PODFILE_DIR_PATH}/Podfile.lock",
				"${PODS_ROOT}/Manifest.lock",
			);
			name = "[CP] Check Pods Manifest.lock";
			outputFileListPaths = (
			);
			outputPaths = (
				"$(DERIVED_FILE_DIR)/Pods-Bank-CleanSwiftTests-checkManifestLockResult.txt",
			);
			runOnlyForDeploymentPostprocessing = 0;
			shellPath = /bin/sh;
			shellScript = "diff \"${PODS_PODFILE_DIR_PATH}/Podfile.lock\" \"${PODS_ROOT}/Manifest.lock\" > /dev/null\nif [ $? != 0 ] ; then\n    # print error to STDERR\n    echo \"error: The sandbox is not in sync with the Podfile.lock. Run 'pod install' or update your CocoaPods installation.\" >&2\n    exit 1\nfi\n# This output is used by Xcode 'outputs' to avoid re-running this script phase.\necho \"SUCCESS\" > \"${SCRIPT_OUTPUT_FILE_0}\"\n";
			showEnvVarsInLog = 0;
		};
		4595F0FF7CFBBDD9CCA9419C /* [CP] Check Pods Manifest.lock */ = {
			isa = PBXShellScriptBuildPhase;
			buildActionMask = 2147483647;
			files = (
			);
			inputFileListPaths = (
			);
			inputPaths = (
				"${PODS_PODFILE_DIR_PATH}/Podfile.lock",
				"${PODS_ROOT}/Manifest.lock",
			);
			name = "[CP] Check Pods Manifest.lock";
			outputFileListPaths = (
			);
			outputPaths = (
				"$(DERIVED_FILE_DIR)/Pods-Bank-CleanSwift-checkManifestLockResult.txt",
			);
			runOnlyForDeploymentPostprocessing = 0;
			shellPath = /bin/sh;
			shellScript = "diff \"${PODS_PODFILE_DIR_PATH}/Podfile.lock\" \"${PODS_ROOT}/Manifest.lock\" > /dev/null\nif [ $? != 0 ] ; then\n    # print error to STDERR\n    echo \"error: The sandbox is not in sync with the Podfile.lock. Run 'pod install' or update your CocoaPods installation.\" >&2\n    exit 1\nfi\n# This output is used by Xcode 'outputs' to avoid re-running this script phase.\necho \"SUCCESS\" > \"${SCRIPT_OUTPUT_FILE_0}\"\n";
			showEnvVarsInLog = 0;
		};
		6E7EA8912F205AF90800C458 /* [CP] Embed Pods Frameworks */ = {
			isa = PBXShellScriptBuildPhase;
			buildActionMask = 2147483647;
			files = (
			);
			inputFileListPaths = (
				"${PODS_ROOT}/Target Support Files/Pods-Bank-CleanSwift-Bank-CleanSwiftUITests/Pods-Bank-CleanSwift-Bank-CleanSwiftUITests-frameworks-${CONFIGURATION}-input-files.xcfilelist",
			);
			name = "[CP] Embed Pods Frameworks";
			outputFileListPaths = (
				"${PODS_ROOT}/Target Support Files/Pods-Bank-CleanSwift-Bank-CleanSwiftUITests/Pods-Bank-CleanSwift-Bank-CleanSwiftUITests-frameworks-${CONFIGURATION}-output-files.xcfilelist",
			);
			runOnlyForDeploymentPostprocessing = 0;
			shellPath = /bin/sh;
			shellScript = "\"${PODS_ROOT}/Target Support Files/Pods-Bank-CleanSwift-Bank-CleanSwiftUITests/Pods-Bank-CleanSwift-Bank-CleanSwiftUITests-frameworks.sh\"\n";
			showEnvVarsInLog = 0;
		};
		7814A3CE020B7E9B90B86F13 /* [CP] Embed Pods Frameworks */ = {
			isa = PBXShellScriptBuildPhase;
			buildActionMask = 2147483647;
			files = (
			);
			inputFileListPaths = (
				"${PODS_ROOT}/Target Support Files/Pods-Bank-CleanSwift/Pods-Bank-CleanSwift-frameworks-${CONFIGURATION}-input-files.xcfilelist",
			);
			name = "[CP] Embed Pods Frameworks";
			outputFileListPaths = (
				"${PODS_ROOT}/Target Support Files/Pods-Bank-CleanSwift/Pods-Bank-CleanSwift-frameworks-${CONFIGURATION}-output-files.xcfilelist",
			);
			runOnlyForDeploymentPostprocessing = 0;
			shellPath = /bin/sh;
			shellScript = "\"${PODS_ROOT}/Target Support Files/Pods-Bank-CleanSwift/Pods-Bank-CleanSwift-frameworks.sh\"\n";
			showEnvVarsInLog = 0;
		};
		B6BAB75A293D5B1810120A65 /* [CP] Check Pods Manifest.lock */ = {
			isa = PBXShellScriptBuildPhase;
			buildActionMask = 2147483647;
			files = (
			);
			inputFileListPaths = (
			);
			inputPaths = (
				"${PODS_PODFILE_DIR_PATH}/Podfile.lock",
				"${PODS_ROOT}/Manifest.lock",
			);
			name = "[CP] Check Pods Manifest.lock";
			outputFileListPaths = (
			);
			outputPaths = (
				"$(DERIVED_FILE_DIR)/Pods-Bank-CleanSwift-Bank-CleanSwiftUITests-checkManifestLockResult.txt",
			);
			runOnlyForDeploymentPostprocessing = 0;
			shellPath = /bin/sh;
			shellScript = "diff \"${PODS_PODFILE_DIR_PATH}/Podfile.lock\" \"${PODS_ROOT}/Manifest.lock\" > /dev/null\nif [ $? != 0 ] ; then\n    # print error to STDERR\n    echo \"error: The sandbox is not in sync with the Podfile.lock. Run 'pod install' or update your CocoaPods installation.\" >&2\n    exit 1\nfi\n# This output is used by Xcode 'outputs' to avoid re-running this script phase.\necho \"SUCCESS\" > \"${SCRIPT_OUTPUT_FILE_0}\"\n";
			showEnvVarsInLog = 0;
		};
		D78A42134BD25EE2AB57D477 /* [CP] Embed Pods Frameworks */ = {
			isa = PBXShellScriptBuildPhase;
			buildActionMask = 2147483647;
			files = (
			);
			inputFileListPaths = (
				"${PODS_ROOT}/Target Support Files/Pods-Bank-CleanSwiftTests/Pods-Bank-CleanSwiftTests-frameworks-${CONFIGURATION}-input-files.xcfilelist",
			);
			name = "[CP] Embed Pods Frameworks";
			outputFileListPaths = (
				"${PODS_ROOT}/Target Support Files/Pods-Bank-CleanSwiftTests/Pods-Bank-CleanSwiftTests-frameworks-${CONFIGURATION}-output-files.xcfilelist",
			);
			runOnlyForDeploymentPostprocessing = 0;
			shellPath = /bin/sh;
			shellScript = "\"${PODS_ROOT}/Target Support Files/Pods-Bank-CleanSwiftTests/Pods-Bank-CleanSwiftTests-frameworks.sh\"\n";
			showEnvVarsInLog = 0;
		};
/* End PBXShellScriptBuildPhase section */

/* Begin PBXSourcesBuildPhase section */
		FF3CDD5F24D4FF1700C5F8D4 /* Sources */ = {
			isa = PBXSourcesBuildPhase;
			buildActionMask = 2147483647;
			files = (
				FFAA494924D5BE1D006B7278 /* String+Localizable.swift in Sources */,
				FFAA497324D66667006B7278 /* UserProvider.swift in Sources */,
				FF3CDDA324D5104000C5F8D4 /* LoginViewController.swift in Sources */,
				FFAA495C24D6050B006B7278 /* LoginError.swift in Sources */,
				FF3CDD9F24D5104000C5F8D4 /* LoginPresenter.swift in Sources */,
				FFAA495F24D60AE6006B7278 /* BaseViewController.swift in Sources */,
				FFAA495224D5DD05006B7278 /* ApiProvider.swift in Sources */,
				FFAA494F24D5DC2B006B7278 /* UserAccount.swift in Sources */,
				FFAA495A24D5FEBA006B7278 /* BankError.swift in Sources */,
				FFAA496124D615E5006B7278 /* BankHttpProvider.swift in Sources */,
				FFAA495824D5FE6A006B7278 /* UserMapper.swift in Sources */,
				FF3CDD6724D4FF1700C5F8D4 /* AppDelegate.swift in Sources */,
				FF3CDDA424D5104000C5F8D4 /* LoginInteractor.swift in Sources */,
				FF3CDDA224D5104000C5F8D4 /* LoginModels.swift in Sources */,
				FF3CDDA124D5104000C5F8D4 /* LoginRouter.swift in Sources */,
				FFAA496324D63C3C006B7278 /* SpinnerViewController.swift in Sources */,
				FF3CDDA024D5104000C5F8D4 /* LoginWorker.swift in Sources */,
			);
			runOnlyForDeploymentPostprocessing = 0;
		};
		FF3CDD7524D4FF1A00C5F8D4 /* Sources */ = {
			isa = PBXSourcesBuildPhase;
			buildActionMask = 2147483647;
			files = (
				FFCFDC7F24D6F6CD0053A903 /* QuickSpec+Stubs.swift in Sources */,
				FFAA496824D64189006B7278 /* BaseViewControllerSpec.swift in Sources */,
				FFAA496E24D645FF006B7278 /* URLProtocolStub.swift in Sources */,
				FFAA497124D6468C006B7278 /* BankHttpProviderSpec.swift in Sources */,
				FFCFDC8124D6F95E0053A903 /* LoginInteractorSpec.swift in Sources */,
				FFAA496B24D64313006B7278 /* UserMapperSpec.swift in Sources */,
				FFCFDC7D24D6F5260053A903 /* LoginWorkerSpec.swift in Sources */,
				FFCFDC8324D70BED0053A903 /* LoginPresenterSpec.swift in Sources */,
				FFAA497524D667EC006B7278 /* UserProviderImplSpec.swift in Sources */,
				FFAA496624D63ED6006B7278 /* SpinnerViewControllerSpec.swift in Sources */,
				FFAA494C24D5D033006B7278 /* LoginViewControllerSpec.swift in Sources */,
			);
			runOnlyForDeploymentPostprocessing = 0;
		};
		FF3CDD8024D4FF1A00C5F8D4 /* Sources */ = {
			isa = PBXSourcesBuildPhase;
			buildActionMask = 2147483647;
			files = (
				FF3CDD8924D4FF1A00C5F8D4 /* Bank_CleanSwiftUITests.swift in Sources */,
			);
			runOnlyForDeploymentPostprocessing = 0;
		};
/* End PBXSourcesBuildPhase section */

/* Begin PBXTargetDependency section */
		FF3CDD7B24D4FF1A00C5F8D4 /* PBXTargetDependency */ = {
			isa = PBXTargetDependency;
			target = FF3CDD6224D4FF1700C5F8D4 /* Bank-CleanSwift */;
			targetProxy = FF3CDD7A24D4FF1A00C5F8D4 /* PBXContainerItemProxy */;
		};
		FF3CDD8624D4FF1A00C5F8D4 /* PBXTargetDependency */ = {
			isa = PBXTargetDependency;
			target = FF3CDD6224D4FF1700C5F8D4 /* Bank-CleanSwift */;
			targetProxy = FF3CDD8524D4FF1A00C5F8D4 /* PBXContainerItemProxy */;
		};
/* End PBXTargetDependency section */

/* Begin PBXVariantGroup section */
		FF3CDD7124D4FF1A00C5F8D4 /* LaunchScreen.storyboard */ = {
			isa = PBXVariantGroup;
			children = (
				FF3CDD7224D4FF1A00C5F8D4 /* Base */,
			);
			name = LaunchScreen.storyboard;
			sourceTree = "<group>";
		};
		FFAA494524D5BD7F006B7278 /* Localizable.strings */ = {
			isa = PBXVariantGroup;
			children = (
				FFAA494424D5BD7F006B7278 /* en */,
				FFAA494624D5BD8C006B7278 /* pt-BR */,
			);
			name = Localizable.strings;
			sourceTree = "<group>";
		};
/* End PBXVariantGroup section */

/* Begin XCBuildConfiguration section */
		FF3CDD8B24D4FF1A00C5F8D4 /* Debug */ = {
			isa = XCBuildConfiguration;
			buildSettings = {
				ALWAYS_SEARCH_USER_PATHS = NO;
				CLANG_ANALYZER_LOCALIZABILITY_NONLOCALIZED = YES;
				CLANG_ANALYZER_NONNULL = YES;
				CLANG_ANALYZER_NUMBER_OBJECT_CONVERSION = YES_AGGRESSIVE;
				CLANG_CXX_LANGUAGE_STANDARD = "gnu++14";
				CLANG_CXX_LIBRARY = "libc++";
				CLANG_ENABLE_MODULES = YES;
				CLANG_ENABLE_OBJC_ARC = YES;
				CLANG_ENABLE_OBJC_WEAK = YES;
				CLANG_WARN_BLOCK_CAPTURE_AUTORELEASING = YES;
				CLANG_WARN_BOOL_CONVERSION = YES;
				CLANG_WARN_COMMA = YES;
				CLANG_WARN_CONSTANT_CONVERSION = YES;
				CLANG_WARN_DEPRECATED_OBJC_IMPLEMENTATIONS = YES;
				CLANG_WARN_DIRECT_OBJC_ISA_USAGE = YES_ERROR;
				CLANG_WARN_DOCUMENTATION_COMMENTS = YES;
				CLANG_WARN_EMPTY_BODY = YES;
				CLANG_WARN_ENUM_CONVERSION = YES;
				CLANG_WARN_INFINITE_RECURSION = YES;
				CLANG_WARN_INT_CONVERSION = YES;
				CLANG_WARN_NON_LITERAL_NULL_CONVERSION = YES;
				CLANG_WARN_OBJC_IMPLICIT_RETAIN_SELF = YES;
				CLANG_WARN_OBJC_LITERAL_CONVERSION = YES;
				CLANG_WARN_OBJC_ROOT_CLASS = YES_ERROR;
				CLANG_WARN_RANGE_LOOP_ANALYSIS = YES;
				CLANG_WARN_STRICT_PROTOTYPES = YES;
				CLANG_WARN_SUSPICIOUS_MOVE = YES;
				CLANG_WARN_UNGUARDED_AVAILABILITY = YES_AGGRESSIVE;
				CLANG_WARN_UNREACHABLE_CODE = YES;
				CLANG_WARN__DUPLICATE_METHOD_MATCH = YES;
				COPY_PHASE_STRIP = NO;
				DEBUG_INFORMATION_FORMAT = dwarf;
				ENABLE_STRICT_OBJC_MSGSEND = YES;
				ENABLE_TESTABILITY = YES;
				GCC_C_LANGUAGE_STANDARD = gnu11;
				GCC_DYNAMIC_NO_PIC = NO;
				GCC_NO_COMMON_BLOCKS = YES;
				GCC_OPTIMIZATION_LEVEL = 0;
				GCC_PREPROCESSOR_DEFINITIONS = (
					"DEBUG=1",
					"$(inherited)",
				);
				GCC_WARN_64_TO_32_BIT_CONVERSION = YES;
				GCC_WARN_ABOUT_RETURN_TYPE = YES_ERROR;
				GCC_WARN_UNDECLARED_SELECTOR = YES;
				GCC_WARN_UNINITIALIZED_AUTOS = YES_AGGRESSIVE;
				GCC_WARN_UNUSED_FUNCTION = YES;
				GCC_WARN_UNUSED_VARIABLE = YES;
				IPHONEOS_DEPLOYMENT_TARGET = 9.0;
				MTL_ENABLE_DEBUG_INFO = INCLUDE_SOURCE;
				MTL_FAST_MATH = YES;
				ONLY_ACTIVE_ARCH = YES;
				SDKROOT = iphoneos;
				SWIFT_ACTIVE_COMPILATION_CONDITIONS = DEBUG;
				SWIFT_OPTIMIZATION_LEVEL = "-Onone";
			};
			name = Debug;
		};
		FF3CDD8C24D4FF1A00C5F8D4 /* Release */ = {
			isa = XCBuildConfiguration;
			buildSettings = {
				ALWAYS_SEARCH_USER_PATHS = NO;
				CLANG_ANALYZER_LOCALIZABILITY_NONLOCALIZED = YES;
				CLANG_ANALYZER_NONNULL = YES;
				CLANG_ANALYZER_NUMBER_OBJECT_CONVERSION = YES_AGGRESSIVE;
				CLANG_CXX_LANGUAGE_STANDARD = "gnu++14";
				CLANG_CXX_LIBRARY = "libc++";
				CLANG_ENABLE_MODULES = YES;
				CLANG_ENABLE_OBJC_ARC = YES;
				CLANG_ENABLE_OBJC_WEAK = YES;
				CLANG_WARN_BLOCK_CAPTURE_AUTORELEASING = YES;
				CLANG_WARN_BOOL_CONVERSION = YES;
				CLANG_WARN_COMMA = YES;
				CLANG_WARN_CONSTANT_CONVERSION = YES;
				CLANG_WARN_DEPRECATED_OBJC_IMPLEMENTATIONS = YES;
				CLANG_WARN_DIRECT_OBJC_ISA_USAGE = YES_ERROR;
				CLANG_WARN_DOCUMENTATION_COMMENTS = YES;
				CLANG_WARN_EMPTY_BODY = YES;
				CLANG_WARN_ENUM_CONVERSION = YES;
				CLANG_WARN_INFINITE_RECURSION = YES;
				CLANG_WARN_INT_CONVERSION = YES;
				CLANG_WARN_NON_LITERAL_NULL_CONVERSION = YES;
				CLANG_WARN_OBJC_IMPLICIT_RETAIN_SELF = YES;
				CLANG_WARN_OBJC_LITERAL_CONVERSION = YES;
				CLANG_WARN_OBJC_ROOT_CLASS = YES_ERROR;
				CLANG_WARN_RANGE_LOOP_ANALYSIS = YES;
				CLANG_WARN_STRICT_PROTOTYPES = YES;
				CLANG_WARN_SUSPICIOUS_MOVE = YES;
				CLANG_WARN_UNGUARDED_AVAILABILITY = YES_AGGRESSIVE;
				CLANG_WARN_UNREACHABLE_CODE = YES;
				CLANG_WARN__DUPLICATE_METHOD_MATCH = YES;
				COPY_PHASE_STRIP = NO;
				DEBUG_INFORMATION_FORMAT = "dwarf-with-dsym";
				ENABLE_NS_ASSERTIONS = NO;
				ENABLE_STRICT_OBJC_MSGSEND = YES;
				GCC_C_LANGUAGE_STANDARD = gnu11;
				GCC_NO_COMMON_BLOCKS = YES;
				GCC_WARN_64_TO_32_BIT_CONVERSION = YES;
				GCC_WARN_ABOUT_RETURN_TYPE = YES_ERROR;
				GCC_WARN_UNDECLARED_SELECTOR = YES;
				GCC_WARN_UNINITIALIZED_AUTOS = YES_AGGRESSIVE;
				GCC_WARN_UNUSED_FUNCTION = YES;
				GCC_WARN_UNUSED_VARIABLE = YES;
				IPHONEOS_DEPLOYMENT_TARGET = 9.0;
				MTL_ENABLE_DEBUG_INFO = NO;
				MTL_FAST_MATH = YES;
				SDKROOT = iphoneos;
				SWIFT_COMPILATION_MODE = wholemodule;
				SWIFT_OPTIMIZATION_LEVEL = "-O";
				VALIDATE_PRODUCT = YES;
			};
			name = Release;
		};
		FF3CDD8E24D4FF1A00C5F8D4 /* Debug */ = {
			isa = XCBuildConfiguration;
			baseConfigurationReference = 74E7331D64B4B5507D0C9042 /* Pods-Bank-CleanSwift.debug.xcconfig */;
			buildSettings = {
				ASSETCATALOG_COMPILER_APPICON_NAME = AppIcon;
				CODE_SIGN_STYLE = Automatic;
				DEVELOPMENT_TEAM = "";
				INFOPLIST_FILE = "Bank-CleanSwift/Support Files/Info.plist";
				IPHONEOS_DEPLOYMENT_TARGET = 9.0;
				LD_RUNPATH_SEARCH_PATHS = (
					"$(inherited)",
					"@executable_path/Frameworks",
				);
				PRODUCT_BUNDLE_IDENTIFIER = "com.hashicode.Bank-CleanSwift";
				PRODUCT_NAME = "$(TARGET_NAME)";
				SWIFT_VERSION = 5.0;
				TARGETED_DEVICE_FAMILY = 1;
			};
			name = Debug;
		};
		FF3CDD8F24D4FF1A00C5F8D4 /* Release */ = {
			isa = XCBuildConfiguration;
			baseConfigurationReference = FCE06F0A8BD3ABFF5A899B19 /* Pods-Bank-CleanSwift.release.xcconfig */;
			buildSettings = {
				ASSETCATALOG_COMPILER_APPICON_NAME = AppIcon;
				CODE_SIGN_STYLE = Automatic;
				DEVELOPMENT_TEAM = "";
				INFOPLIST_FILE = "Bank-CleanSwift/Support Files/Info.plist";
				IPHONEOS_DEPLOYMENT_TARGET = 9.0;
				LD_RUNPATH_SEARCH_PATHS = (
					"$(inherited)",
					"@executable_path/Frameworks",
				);
				PRODUCT_BUNDLE_IDENTIFIER = "com.hashicode.Bank-CleanSwift";
				PRODUCT_NAME = "$(TARGET_NAME)";
				SWIFT_VERSION = 5.0;
				TARGETED_DEVICE_FAMILY = 1;
			};
			name = Release;
		};
		FF3CDD9124D4FF1A00C5F8D4 /* Debug */ = {
			isa = XCBuildConfiguration;
			baseConfigurationReference = 864B7BF7E518654594B97105 /* Pods-Bank-CleanSwiftTests.debug.xcconfig */;
			buildSettings = {
				ALWAYS_EMBED_SWIFT_STANDARD_LIBRARIES = YES;
				BUNDLE_LOADER = "$(TEST_HOST)";
				CODE_SIGN_STYLE = Automatic;
				INFOPLIST_FILE = "Bank-CleanSwiftTests/Info.plist";
				IPHONEOS_DEPLOYMENT_TARGET = 13.6;
				LD_RUNPATH_SEARCH_PATHS = (
					"$(inherited)",
					"@executable_path/Frameworks",
					"@loader_path/Frameworks",
				);
				PRODUCT_BUNDLE_IDENTIFIER = "com.hashicode.Bank-CleanSwiftTests";
				PRODUCT_NAME = "$(TARGET_NAME)";
				SWIFT_VERSION = 5.0;
				TARGETED_DEVICE_FAMILY = "1,2";
				TEST_HOST = "$(BUILT_PRODUCTS_DIR)/Bank-CleanSwift.app/Bank-CleanSwift";
			};
			name = Debug;
		};
		FF3CDD9224D4FF1A00C5F8D4 /* Release */ = {
			isa = XCBuildConfiguration;
			baseConfigurationReference = EB51DEC2760D7B9A91C18A70 /* Pods-Bank-CleanSwiftTests.release.xcconfig */;
			buildSettings = {
				ALWAYS_EMBED_SWIFT_STANDARD_LIBRARIES = YES;
				BUNDLE_LOADER = "$(TEST_HOST)";
				CODE_SIGN_STYLE = Automatic;
				INFOPLIST_FILE = "Bank-CleanSwiftTests/Info.plist";
				IPHONEOS_DEPLOYMENT_TARGET = 13.6;
				LD_RUNPATH_SEARCH_PATHS = (
					"$(inherited)",
					"@executable_path/Frameworks",
					"@loader_path/Frameworks",
				);
				PRODUCT_BUNDLE_IDENTIFIER = "com.hashicode.Bank-CleanSwiftTests";
				PRODUCT_NAME = "$(TARGET_NAME)";
				SWIFT_VERSION = 5.0;
				TARGETED_DEVICE_FAMILY = "1,2";
				TEST_HOST = "$(BUILT_PRODUCTS_DIR)/Bank-CleanSwift.app/Bank-CleanSwift";
			};
			name = Release;
		};
		FF3CDD9424D4FF1A00C5F8D4 /* Debug */ = {
			isa = XCBuildConfiguration;
			baseConfigurationReference = 5FFB90D69EC82EE29F3F5AFE /* Pods-Bank-CleanSwift-Bank-CleanSwiftUITests.debug.xcconfig */;
			buildSettings = {
				ALWAYS_EMBED_SWIFT_STANDARD_LIBRARIES = YES;
				CODE_SIGN_STYLE = Automatic;
				INFOPLIST_FILE = "Bank-CleanSwiftUITests/Info.plist";
				LD_RUNPATH_SEARCH_PATHS = (
					"$(inherited)",
					"@executable_path/Frameworks",
					"@loader_path/Frameworks",
				);
				PRODUCT_BUNDLE_IDENTIFIER = "com.hashicode.Bank-CleanSwiftUITests";
				PRODUCT_NAME = "$(TARGET_NAME)";
				SWIFT_VERSION = 5.0;
				TARGETED_DEVICE_FAMILY = "1,2";
				TEST_TARGET_NAME = "Bank-CleanSwift";
			};
			name = Debug;
		};
		FF3CDD9524D4FF1A00C5F8D4 /* Release */ = {
			isa = XCBuildConfiguration;
			baseConfigurationReference = 8E1DF68CFB271E6D09CFDC33 /* Pods-Bank-CleanSwift-Bank-CleanSwiftUITests.release.xcconfig */;
			buildSettings = {
				ALWAYS_EMBED_SWIFT_STANDARD_LIBRARIES = YES;
				CODE_SIGN_STYLE = Automatic;
				INFOPLIST_FILE = "Bank-CleanSwiftUITests/Info.plist";
				LD_RUNPATH_SEARCH_PATHS = (
					"$(inherited)",
					"@executable_path/Frameworks",
					"@loader_path/Frameworks",
				);
				PRODUCT_BUNDLE_IDENTIFIER = "com.hashicode.Bank-CleanSwiftUITests";
				PRODUCT_NAME = "$(TARGET_NAME)";
				SWIFT_VERSION = 5.0;
				TARGETED_DEVICE_FAMILY = "1,2";
				TEST_TARGET_NAME = "Bank-CleanSwift";
			};
			name = Release;
		};
/* End XCBuildConfiguration section */

/* Begin XCConfigurationList section */
		FF3CDD5E24D4FF1700C5F8D4 /* Build configuration list for PBXProject "Bank-CleanSwift" */ = {
			isa = XCConfigurationList;
			buildConfigurations = (
				FF3CDD8B24D4FF1A00C5F8D4 /* Debug */,
				FF3CDD8C24D4FF1A00C5F8D4 /* Release */,
			);
			defaultConfigurationIsVisible = 0;
			defaultConfigurationName = Release;
		};
		FF3CDD8D24D4FF1A00C5F8D4 /* Build configuration list for PBXNativeTarget "Bank-CleanSwift" */ = {
			isa = XCConfigurationList;
			buildConfigurations = (
				FF3CDD8E24D4FF1A00C5F8D4 /* Debug */,
				FF3CDD8F24D4FF1A00C5F8D4 /* Release */,
			);
			defaultConfigurationIsVisible = 0;
			defaultConfigurationName = Release;
		};
		FF3CDD9024D4FF1A00C5F8D4 /* Build configuration list for PBXNativeTarget "Bank-CleanSwiftTests" */ = {
			isa = XCConfigurationList;
			buildConfigurations = (
				FF3CDD9124D4FF1A00C5F8D4 /* Debug */,
				FF3CDD9224D4FF1A00C5F8D4 /* Release */,
			);
			defaultConfigurationIsVisible = 0;
			defaultConfigurationName = Release;
		};
		FF3CDD9324D4FF1A00C5F8D4 /* Build configuration list for PBXNativeTarget "Bank-CleanSwiftUITests" */ = {
			isa = XCConfigurationList;
			buildConfigurations = (
				FF3CDD9424D4FF1A00C5F8D4 /* Debug */,
				FF3CDD9524D4FF1A00C5F8D4 /* Release */,
			);
			defaultConfigurationIsVisible = 0;
			defaultConfigurationName = Release;
		};
/* End XCConfigurationList section */
	};
	rootObject = FF3CDD5B24D4FF1700C5F8D4 /* Project object */;
}
